// !$*UTF8*$!
{
	archiveVersion = 1;
	classes = {
	};
	objectVersion = 55;
	objects = {

/* Begin PBXBuildFile section */
		001CB5862813C405009B3AB4 /* DetailViewController.swift in Sources */ = {isa = PBXBuildFile; fileRef = 001CB5852813C405009B3AB4 /* DetailViewController.swift */; };
		00641D75280D4EE2004763CB /* AppDelegate.swift in Sources */ = {isa = PBXBuildFile; fileRef = 00641D74280D4EE2004763CB /* AppDelegate.swift */; };
		00641D77280D4EE2004763CB /* SceneDelegate.swift in Sources */ = {isa = PBXBuildFile; fileRef = 00641D76280D4EE2004763CB /* SceneDelegate.swift */; };
		00641D79280D4EE2004763CB /* ViewController.swift in Sources */ = {isa = PBXBuildFile; fileRef = 00641D78280D4EE2004763CB /* ViewController.swift */; };
		00641D7C280D4EE2004763CB /* Main.storyboard in Resources */ = {isa = PBXBuildFile; fileRef = 00641D7A280D4EE2004763CB /* Main.storyboard */; };
		00641D7E280D4EE6004763CB /* Assets.xcassets in Resources */ = {isa = PBXBuildFile; fileRef = 00641D7D280D4EE6004763CB /* Assets.xcassets */; };
		00641D81280D4EE6004763CB /* LaunchScreen.storyboard in Resources */ = {isa = PBXBuildFile; fileRef = 00641D7F280D4EE6004763CB /* LaunchScreen.storyboard */; };
		009DB00F280D5073003CE46F /* nssl0049.jpg in Resources */ = {isa = PBXBuildFile; fileRef = 009DB005280D5073003CE46F /* nssl0049.jpg */; };
		009DB010280D5073003CE46F /* nssl0046.jpg in Resources */ = {isa = PBXBuildFile; fileRef = 009DB006280D5073003CE46F /* nssl0046.jpg */; };
		009DB011280D5073003CE46F /* nssl0091.jpg in Resources */ = {isa = PBXBuildFile; fileRef = 009DB007280D5073003CE46F /* nssl0091.jpg */; };
		009DB012280D5073003CE46F /* nssl0045.jpg in Resources */ = {isa = PBXBuildFile; fileRef = 009DB008280D5073003CE46F /* nssl0045.jpg */; };
		009DB013280D5073003CE46F /* nssl0051.jpg in Resources */ = {isa = PBXBuildFile; fileRef = 009DB009280D5073003CE46F /* nssl0051.jpg */; };
		009DB014280D5073003CE46F /* nssl0041.jpg in Resources */ = {isa = PBXBuildFile; fileRef = 009DB00A280D5073003CE46F /* nssl0041.jpg */; };
		009DB015280D5073003CE46F /* nssl0042.jpg in Resources */ = {isa = PBXBuildFile; fileRef = 009DB00B280D5073003CE46F /* nssl0042.jpg */; };
		009DB016280D5073003CE46F /* nssl0043.jpg in Resources */ = {isa = PBXBuildFile; fileRef = 009DB00C280D5073003CE46F /* nssl0043.jpg */; };
		009DB017280D5073003CE46F /* nssl0033.jpg in Resources */ = {isa = PBXBuildFile; fileRef = 009DB00D280D5073003CE46F /* nssl0033.jpg */; };
		009DB018280D5073003CE46F /* nssl0034.jpg in Resources */ = {isa = PBXBuildFile; fileRef = 009DB00E280D5073003CE46F /* nssl0034.jpg */; };
/* End PBXBuildFile section */

/* Begin PBXFileReference section */
		001CB5852813C405009B3AB4 /* DetailViewController.swift */ = {isa = PBXFileReference; lastKnownFileType = sourcecode.swift; path = DetailViewController.swift; sourceTree = "<group>"; };
		00641D71280D4EE2004763CB /* Project1.app */ = {isa = PBXFileReference; explicitFileType = wrapper.application; includeInIndex = 0; path = Project1.app; sourceTree = BUILT_PRODUCTS_DIR; };
		00641D74280D4EE2004763CB /* AppDelegate.swift */ = {isa = PBXFileReference; lastKnownFileType = sourcecode.swift; path = AppDelegate.swift; sourceTree = "<group>"; };
		00641D76280D4EE2004763CB /* SceneDelegate.swift */ = {isa = PBXFileReference; lastKnownFileType = sourcecode.swift; path = SceneDelegate.swift; sourceTree = "<group>"; };
		00641D78280D4EE2004763CB /* ViewController.swift */ = {isa = PBXFileReference; lastKnownFileType = sourcecode.swift; path = ViewController.swift; sourceTree = "<group>"; };
		00641D7B280D4EE2004763CB /* Base */ = {isa = PBXFileReference; lastKnownFileType = file.storyboard; name = Base; path = Base.lproj/Main.storyboard; sourceTree = "<group>"; };
		00641D7D280D4EE6004763CB /* Assets.xcassets */ = {isa = PBXFileReference; lastKnownFileType = folder.assetcatalog; path = Assets.xcassets; sourceTree = "<group>"; };
		00641D80280D4EE6004763CB /* Base */ = {isa = PBXFileReference; lastKnownFileType = file.storyboard; name = Base; path = Base.lproj/LaunchScreen.storyboard; sourceTree = "<group>"; };
		00641D82280D4EE6004763CB /* Info.plist */ = {isa = PBXFileReference; lastKnownFileType = text.plist.xml; path = Info.plist; sourceTree = "<group>"; };
		009DB005280D5073003CE46F /* nssl0049.jpg */ = {isa = PBXFileReference; lastKnownFileType = image.jpeg; path = nssl0049.jpg; sourceTree = "<group>"; };
		009DB006280D5073003CE46F /* nssl0046.jpg */ = {isa = PBXFileReference; lastKnownFileType = image.jpeg; path = nssl0046.jpg; sourceTree = "<group>"; };
		009DB007280D5073003CE46F /* nssl0091.jpg */ = {isa = PBXFileReference; lastKnownFileType = image.jpeg; path = nssl0091.jpg; sourceTree = "<group>"; };
		009DB008280D5073003CE46F /* nssl0045.jpg */ = {isa = PBXFileReference; lastKnownFileType = image.jpeg; path = nssl0045.jpg; sourceTree = "<group>"; };
		009DB009280D5073003CE46F /* nssl0051.jpg */ = {isa = PBXFileReference; lastKnownFileType = image.jpeg; path = nssl0051.jpg; sourceTree = "<group>"; };
		009DB00A280D5073003CE46F /* nssl0041.jpg */ = {isa = PBXFileReference; lastKnownFileType = image.jpeg; path = nssl0041.jpg; sourceTree = "<group>"; };
		009DB00B280D5073003CE46F /* nssl0042.jpg */ = {isa = PBXFileReference; lastKnownFileType = image.jpeg; path = nssl0042.jpg; sourceTree = "<group>"; };
		009DB00C280D5073003CE46F /* nssl0043.jpg */ = {isa = PBXFileReference; lastKnownFileType = image.jpeg; path = nssl0043.jpg; sourceTree = "<group>"; };
		009DB00D280D5073003CE46F /* nssl0033.jpg */ = {isa = PBXFileReference; lastKnownFileType = image.jpeg; path = nssl0033.jpg; sourceTree = "<group>"; };
		009DB00E280D5073003CE46F /* nssl0034.jpg */ = {isa = PBXFileReference; lastKnownFileType = image.jpeg; path = nssl0034.jpg; sourceTree = "<group>"; };
/* End PBXFileReference section */

/* Begin PBXFrameworksBuildPhase section */
		00641D6E280D4EE2004763CB /* Frameworks */ = {
			isa = PBXFrameworksBuildPhase;
			buildActionMask = 2147483647;
			files = (
			);
			runOnlyForDeploymentPostprocessing = 0;
		};
/* End PBXFrameworksBuildPhase section */

/* Begin PBXGroup section */
		00641D68280D4EE2004763CB = {
			isa = PBXGroup;
			children = (
				00641D73280D4EE2004763CB /* Project1 */,
				00641D72280D4EE2004763CB /* Products */,
			);
			sourceTree = "<group>";
		};
		00641D72280D4EE2004763CB /* Products */ = {
			isa = PBXGroup;
			children = (
				00641D71280D4EE2004763CB /* Project1.app */,
			);
			name = Products;
			sourceTree = "<group>";
		};
		00641D73280D4EE2004763CB /* Project1 */ = {
			isa = PBXGroup;
			children = (
				00641D74280D4EE2004763CB /* AppDelegate.swift */,
				00641D76280D4EE2004763CB /* SceneDelegate.swift */,
				00641D78280D4EE2004763CB /* ViewController.swift */,
				001CB5852813C405009B3AB4 /* DetailViewController.swift */,
				00641D7A280D4EE2004763CB /* Main.storyboard */,
				00641D7D280D4EE6004763CB /* Assets.xcassets */,
				00641D7F280D4EE6004763CB /* LaunchScreen.storyboard */,
				00641D82280D4EE6004763CB /* Info.plist */,
				009DB004280D5073003CE46F /* Content */,
			);
			path = Project1;
			sourceTree = "<group>";
		};
		009DB004280D5073003CE46F /* Content */ = {
			isa = PBXGroup;
			children = (
				009DB005280D5073003CE46F /* nssl0049.jpg */,
				009DB006280D5073003CE46F /* nssl0046.jpg */,
				009DB007280D5073003CE46F /* nssl0091.jpg */,
				009DB008280D5073003CE46F /* nssl0045.jpg */,
				009DB009280D5073003CE46F /* nssl0051.jpg */,
				009DB00A280D5073003CE46F /* nssl0041.jpg */,
				009DB00B280D5073003CE46F /* nssl0042.jpg */,
				009DB00C280D5073003CE46F /* nssl0043.jpg */,
				009DB00D280D5073003CE46F /* nssl0033.jpg */,
				009DB00E280D5073003CE46F /* nssl0034.jpg */,
			);
			path = Content;
			sourceTree = "<group>";
		};
/* End PBXGroup section */

/* Begin PBXNativeTarget section */
		00641D70280D4EE2004763CB /* Project1 */ = {
			isa = PBXNativeTarget;
			buildConfigurationList = 00641D85280D4EE6004763CB /* Build configuration list for PBXNativeTarget "Project1" */;
			buildPhases = (
				00641D6D280D4EE2004763CB /* Sources */,
				00641D6E280D4EE2004763CB /* Frameworks */,
				00641D6F280D4EE2004763CB /* Resources */,
			);
			buildRules = (
			);
			dependencies = (
			);
			name = Project1;
			productName = Project1;
			productReference = 00641D71280D4EE2004763CB /* Project1.app */;
			productType = "com.apple.product-type.application";
		};
/* End PBXNativeTarget section */

/* Begin PBXProject section */
		00641D69280D4EE2004763CB /* Project object */ = {
			isa = PBXProject;
			attributes = {
				BuildIndependentTargetsInParallel = 1;
				LastSwiftUpdateCheck = 1330;
				LastUpgradeCheck = 1330;
				TargetAttributes = {
					00641D70280D4EE2004763CB = {
						CreatedOnToolsVersion = 13.3;
					};
				};
			};
			buildConfigurationList = 00641D6C280D4EE2004763CB /* Build configuration list for PBXProject "Project1" */;
			compatibilityVersion = "Xcode 13.0";
			developmentRegion = en;
			hasScannedForEncodings = 0;
			knownRegions = (
				en,
				Base,
			);
			mainGroup = 00641D68280D4EE2004763CB;
			productRefGroup = 00641D72280D4EE2004763CB /* Products */;
			projectDirPath = "";
			projectRoot = "";
			targets = (
				00641D70280D4EE2004763CB /* Project1 */,
			);
		};
/* End PBXProject section */

/* Begin PBXResourcesBuildPhase section */
		00641D6F280D4EE2004763CB /* Resources */ = {
			isa = PBXResourcesBuildPhase;
			buildActionMask = 2147483647;
			files = (
				009DB010280D5073003CE46F /* nssl0046.jpg in Resources */,
				009DB017280D5073003CE46F /* nssl0033.jpg in Resources */,
				009DB013280D5073003CE46F /* nssl0051.jpg in Resources */,
				009DB011280D5073003CE46F /* nssl0091.jpg in Resources */,
				009DB016280D5073003CE46F /* nssl0043.jpg in Resources */,
				009DB018280D5073003CE46F /* nssl0034.jpg in Resources */,
				009DB00F280D5073003CE46F /* nssl0049.jpg in Resources */,
				009DB014280D5073003CE46F /* nssl0041.jpg in Resources */,
				009DB015280D5073003CE46F /* nssl0042.jpg in Resources */,
				00641D81280D4EE6004763CB /* LaunchScreen.storyboard in Resources */,
				00641D7E280D4EE6004763CB /* Assets.xcassets in Resources */,
				009DB012280D5073003CE46F /* nssl0045.jpg in Resources */,
				00641D7C280D4EE2004763CB /* Main.storyboard in Resources */,
			);
			runOnlyForDeploymentPostprocessing = 0;
		};
/* End PBXResourcesBuildPhase section */

/* Begin PBXSourcesBuildPhase section */
		00641D6D280D4EE2004763CB /* Sources */ = {
			isa = PBXSourcesBuildPhase;
			buildActionMask = 2147483647;
			files = (
				00641D79280D4EE2004763CB /* ViewController.swift in Sources */,
				00641D75280D4EE2004763CB /* AppDelegate.swift in Sources */,
				00641D77280D4EE2004763CB /* SceneDelegate.swift in Sources */,
				001CB5862813C405009B3AB4 /* DetailViewController.swift in Sources */,
			);
			runOnlyForDeploymentPostprocessing = 0;
		};
/* End PBXSourcesBuildPhase section */

/* Begin PBXVariantGroup section */
		00641D7A280D4EE2004763CB /* Main.storyboard */ = {
			isa = PBXVariantGroup;
			children = (
				00641D7B280D4EE2004763CB /* Base */,
			);
			name = Main.storyboard;
			sourceTree = "<group>";
		};
		00641D7F280D4EE6004763CB /* LaunchScreen.storyboard */ = {
			isa = PBXVariantGroup;
			children = (
				00641D80280D4EE6004763CB /* Base */,
			);
			name = LaunchScreen.storyboard;
			sourceTree = "<group>";
		};
/* End PBXVariantGroup section */

/* Begin XCBuildConfiguration section */
		00641D83280D4EE6004763CB /* Debug */ = {
			isa = XCBuildConfiguration;
			buildSettings = {
				ALWAYS_SEARCH_USER_PATHS = NO;
				CLANG_ANALYZER_NONNULL = YES;
				CLANG_ANALYZER_NUMBER_OBJECT_CONVERSION = YES_AGGRESSIVE;
				CLANG_CXX_LANGUAGE_STANDARD = "gnu++17";
				CLANG_ENABLE_MODULES = YES;
				CLANG_ENABLE_OBJC_ARC = YES;
				CLANG_ENABLE_OBJC_WEAK = YES;
				CLANG_WARN_BLOCK_CAPTURE_AUTORELEASING = YES;
				CLANG_WARN_BOOL_CONVERSION = YES;
				CLANG_WARN_COMMA = YES;
				CLANG_WARN_CONSTANT_CONVERSION = YES;
				CLANG_WARN_DEPRECATED_OBJC_IMPLEMENTATIONS = YES;
				CLANG_WARN_DIRECT_OBJC_ISA_USAGE = YES_ERROR;
				CLANG_WARN_DOCUMENTATION_COMMENTS = YES;
				CLANG_WARN_EMPTY_BODY = YES;
				CLANG_WARN_ENUM_CONVERSION = YES;
				CLANG_WARN_INFINITE_RECURSION = YES;
				CLANG_WARN_INT_CONVERSION = YES;
				CLANG_WARN_NON_LITERAL_NULL_CONVERSION = YES;
				CLANG_WARN_OBJC_IMPLICIT_RETAIN_SELF = YES;
				CLANG_WARN_OBJC_LITERAL_CONVERSION = YES;
				CLANG_WARN_OBJC_ROOT_CLASS = YES_ERROR;
				CLANG_WARN_QUOTED_INCLUDE_IN_FRAMEWORK_HEADER = YES;
				CLANG_WARN_RANGE_LOOP_ANALYSIS = YES;
				CLANG_WARN_STRICT_PROTOTYPES = YES;
				CLANG_WARN_SUSPICIOUS_MOVE = YES;
				CLANG_WARN_UNGUARDED_AVAILABILITY = YES_AGGRESSIVE;
				CLANG_WARN_UNREACHABLE_CODE = YES;
				CLANG_WARN__DUPLICATE_METHOD_MATCH = YES;
				COPY_PHASE_STRIP = NO;
				DEBUG_INFORMATION_FORMAT = dwarf;
				ENABLE_STRICT_OBJC_MSGSEND = YES;
				ENABLE_TESTABILITY = YES;
				GCC_C_LANGUAGE_STANDARD = gnu11;
				GCC_DYNAMIC_NO_PIC = NO;
				GCC_NO_COMMON_BLOCKS = YES;
				GCC_OPTIMIZATION_LEVEL = 0;
				GCC_PREPROCESSOR_DEFINITIONS = (
					"DEBUG=1",
					"$(inherited)",
				);
				GCC_WARN_64_TO_32_BIT_CONVERSION = YES;
				GCC_WARN_ABOUT_RETURN_TYPE = YES_ERROR;
				GCC_WARN_UNDECLARED_SELECTOR = YES;
				GCC_WARN_UNINITIALIZED_AUTOS = YES_AGGRESSIVE;
				GCC_WARN_UNUSED_FUNCTION = YES;
				GCC_WARN_UNUSED_VARIABLE = YES;
				IPHONEOS_DEPLOYMENT_TARGET = 15.4;
				MTL_ENABLE_DEBUG_INFO = INCLUDE_SOURCE;
				MTL_FAST_MATH = YES;
				ONLY_ACTIVE_ARCH = YES;
				SDKROOT = iphoneos;
				SWIFT_ACTIVE_COMPILATION_CONDITIONS = DEBUG;
				SWIFT_OPTIMIZATION_LEVEL = "-Onone";
			};
			name = Debug;
		};
		00641D84280D4EE6004763CB /* Release */ = {
			isa = XCBuildConfiguration;
			buildSettings = {
				ALWAYS_SEARCH_USER_PATHS = NO;
				CLANG_ANALYZER_NONNULL = YES;
				CLANG_ANALYZER_NUMBER_OBJECT_CONVERSION = YES_AGGRESSIVE;
				CLANG_CXX_LANGUAGE_STANDARD = "gnu++17";
				CLANG_ENABLE_MODULES = YES;
				CLANG_ENABLE_OBJC_ARC = YES;
				CLANG_ENABLE_OBJC_WEAK = YES;
				CLANG_WARN_BLOCK_CAPTURE_AUTORELEASING = YES;
				CLANG_WARN_BOOL_CONVERSION = YES;
				CLANG_WARN_COMMA = YES;
				CLANG_WARN_CONSTANT_CONVERSION = YES;
				CLANG_WARN_DEPRECATED_OBJC_IMPLEMENTATIONS = YES;
				CLANG_WARN_DIRECT_OBJC_ISA_USAGE = YES_ERROR;
				CLANG_WARN_DOCUMENTATION_COMMENTS = YES;
				CLANG_WARN_EMPTY_BODY = YES;
				CLANG_WARN_ENUM_CONVERSION = YES;
				CLANG_WARN_INFINITE_RECURSION = YES;
				CLANG_WARN_INT_CONVERSION = YES;
				CLANG_WARN_NON_LITERAL_NULL_CONVERSION = YES;
				CLANG_WARN_OBJC_IMPLICIT_RETAIN_SELF = YES;
				CLANG_WARN_OBJC_LITERAL_CONVERSION = YES;
				CLANG_WARN_OBJC_ROOT_CLASS = YES_ERROR;
				CLANG_WARN_QUOTED_INCLUDE_IN_FRAMEWORK_HEADER = YES;
				CLANG_WARN_RANGE_LOOP_ANALYSIS = YES;
				CLANG_WARN_STRICT_PROTOTYPES = YES;
				CLANG_WARN_SUSPICIOUS_MOVE = YES;
				CLANG_WARN_UNGUARDED_AVAILABILITY = YES_AGGRESSIVE;
				CLANG_WARN_UNREACHABLE_CODE = YES;
				CLANG_WARN__DUPLICATE_METHOD_MATCH = YES;
				COPY_PHASE_STRIP = NO;
				DEBUG_INFORMATION_FORMAT = "dwarf-with-dsym";
				ENABLE_NS_ASSERTIONS = NO;
				ENABLE_STRICT_OBJC_MSGSEND = YES;
				GCC_C_LANGUAGE_STANDARD = gnu11;
				GCC_NO_COMMON_BLOCKS = YES;
				GCC_WARN_64_TO_32_BIT_CONVERSION = YES;
				GCC_WARN_ABOUT_RETURN_TYPE = YES_ERROR;
				GCC_WARN_UNDECLARED_SELECTOR = YES;
				GCC_WARN_UNINITIALIZED_AUTOS = YES_AGGRESSIVE;
				GCC_WARN_UNUSED_FUNCTION = YES;
				GCC_WARN_UNUSED_VARIABLE = YES;
				IPHONEOS_DEPLOYMENT_TARGET = 15.4;
				MTL_ENABLE_DEBUG_INFO = NO;
				MTL_FAST_MATH = YES;
				SDKROOT = iphoneos;
				SWIFT_COMPILATION_MODE = wholemodule;
				SWIFT_OPTIMIZATION_LEVEL = "-O";
				VALIDATE_PRODUCT = YES;
			};
			name = Release;
		};
		00641D86280D4EE6004763CB /* Debug */ = {
			isa = XCBuildConfiguration;
			buildSettings = {
				ASSETCATALOG_COMPILER_APPICON_NAME = AppIcon;
				ASSETCATALOG_COMPILER_GLOBAL_ACCENT_COLOR_NAME = AccentColor;
				CODE_SIGN_STYLE = Automatic;
				CURRENT_PROJECT_VERSION = 1;
				GENERATE_INFOPLIST_FILE = YES;
				INFOPLIST_FILE = Project1/Info.plist;
				INFOPLIST_KEY_UIApplicationSupportsIndirectInputEvents = YES;
				INFOPLIST_KEY_UILaunchStoryboardName = LaunchScreen;
				INFOPLIST_KEY_UIMainStoryboardFile = Main;
				INFOPLIST_KEY_UISupportedInterfaceOrientations_iPad = "UIInterfaceOrientationPortrait UIInterfaceOrientationPortraitUpsideDown UIInterfaceOrientationLandscapeLeft UIInterfaceOrientationLandscapeRight";
				INFOPLIST_KEY_UISupportedInterfaceOrientations_iPhone = "UIInterfaceOrientationPortrait UIInterfaceOrientationLandscapeLeft UIInterfaceOrientationLandscapeRight";
				LD_RUNPATH_SEARCH_PATHS = (
					"$(inherited)",
					"@executable_path/Frameworks",
				);
				MARKETING_VERSION = 1.0;
				PRODUCT_BUNDLE_IDENTIFIER = "Ilya-Lekhov.Project1";
				PRODUCT_NAME = "$(TARGET_NAME)";
				SWIFT_EMIT_LOC_STRINGS = YES;
				SWIFT_VERSION = 5.0;
				TARGETED_DEVICE_FAMILY = "1,2";
			};
			name = Debug;
		};
		00641D87280D4EE6004763CB /* Release */ = {
			isa = XCBuildConfiguration;
			buildSettings = {
				ASSETCATALOG_COMPILER_APPICON_NAME = AppIcon;
				ASSETCATALOG_COMPILER_GLOBAL_ACCENT_COLOR_NAME = AccentColor;
				CODE_SIGN_STYLE = Automatic;
				CURRENT_PROJECT_VERSION = 1;
				GENERATE_INFOPLIST_FILE = YES;
				INFOPLIST_FILE = Project1/Info.plist;
				INFOPLIST_KEY_UIApplicationSupportsIndirectInputEvents = YES;
				INFOPLIST_KEY_UILaunchStoryboardName = LaunchScreen;
				INFOPLIST_KEY_UIMainStoryboardFile = Main;
				INFOPLIST_KEY_UISupportedInterfaceOrientations_iPad = "UIInterfaceOrientationPortrait UIInterfaceOrientationPortraitUpsideDown UIInterfaceOrientationLandscapeLeft UIInterfaceOrientationLandscapeRight";
				INFOPLIST_KEY_UISupportedInterfaceOrientations_iPhone = "UIInterfaceOrientationPortrait UIInterfaceOrientationLandscapeLeft UIInterfaceOrientationLandscapeRight";
				LD_RUNPATH_SEARCH_PATHS = (
					"$(inherited)",
					"@executable_path/Frameworks",
				);
				MARKETING_VERSION = 1.0;
				PRODUCT_BUNDLE_IDENTIFIER = "Ilya-Lekhov.Project1";
				PRODUCT_NAME = "$(TARGET_NAME)";
				SWIFT_EMIT_LOC_STRINGS = YES;
				SWIFT_VERSION = 5.0;
				TARGETED_DEVICE_FAMILY = "1,2";
			};
			name = Release;
		};
/* End XCBuildConfiguration section */

/* Begin XCConfigurationList section */
		00641D6C280D4EE2004763CB /* Build configuration list for PBXProject "Project1" */ = {
			isa = XCConfigurationList;
			buildConfigurations = (
				00641D83280D4EE6004763CB /* Debug */,
				00641D84280D4EE6004763CB /* Release */,
			);
			defaultConfigurationIsVisible = 0;
			defaultConfigurationName = Release;
		};
		00641D85280D4EE6004763CB /* Build configuration list for PBXNativeTarget "Project1" */ = {
			isa = XCConfigurationList;
			buildConfigurations = (
				00641D86280D4EE6004763CB /* Debug */,
				00641D87280D4EE6004763CB /* Release */,
			);
			defaultConfigurationIsVisible = 0;
			defaultConfigurationName = Release;
		};
/* End XCConfigurationList section */
	};
	rootObject = 00641D69280D4EE2004763CB /* Project object */;
}
